{
  "nodes": {
    "flake-utils": {
      "locked": {
        "lastModified": 1644229661,
        "narHash": "sha256-1YdnJAsNy69bpcjuoKdOYQX0YxZBiCYZo4Twxerqv7k=",
        "owner": "numtide",
        "repo": "flake-utils",
        "rev": "3cecb5b042f7f209c56ffd8371b2711a290ec797",
        "type": "github"
      },
      "original": {
        "owner": "numtide",
        "repo": "flake-utils",
        "type": "github"
      }
    },
    "masterpkgs": {
      "locked": {
        "lastModified": 1646899041,
        "narHash": "sha256-JFJuSyWI5jZUSI30TbIjEy4/jtPVVbDTLSpHvUQGrS4=",
        "owner": "NixOS",
        "repo": "nixpkgs",
        "rev": "eb7e73916e41bde334e07cdb9a38fba215796cd0",
        "type": "github"
      },
      "original": {
        "owner": "NixOS",
        "ref": "master",
        "repo": "nixpkgs",
        "type": "github"
      }
    },
    "nixpkgs": {
      "locked": {
        "lastModified": 1646899041,
        "narHash": "sha256-JFJuSyWI5jZUSI30TbIjEy4/jtPVVbDTLSpHvUQGrS4=",
        "owner": "NixOS",
        "repo": "nixpkgs",
        "rev": "eb7e73916e41bde334e07cdb9a38fba215796cd0",
        "type": "github"
      },
      "original": {
        "owner": "NixOS",
        "repo": "nixpkgs",
        "type": "github"
      }
    },
    "nixpkgs_2": {
      "locked": {
        "lastModified": 1646523963,
        "narHash": "sha256-ixFwYnaOycrzs0iN9RvyRMEGCkQ9Pj58x6V/qc2khy8=",
        "owner": "NixOS",
        "repo": "nixpkgs",
        "rev": "a173e92ee458878651356b9bcfb1e2b5145f76af",
        "type": "github"
      },
      "original": {
        "owner": "NixOS",
        "repo": "nixpkgs",
        "type": "github"
      }
    },
    "postgrestPkg": {
      "inputs": {
        "nixpkgs": "nixpkgs_2"
      },
      "locked": {
        "narHash": "sha256-BX+WrqHPmZ0nQHp3rY1cwkdhPF3JwkX2YATI6Tii96M=",
        "path": "./nix/postgrest",
        "type": "path"
      },
      "original": {
        "path": "./nix/postgrest",
        "type": "path"
      }
    },
    "root": {
      "inputs": {
        "flake-utils": "flake-utils",
        "masterpkgs": "masterpkgs",
        "nixpkgs": "nixpkgs",
        "postgrestPkg": "postgrestPkg"
      }
    }
  },
  "root": "root",
  "version": 7
}
