{
  "nodes": {
    "autodocodec": {
      "flake": false,
      "locked": {
        "lastModified": 1666331698,
        "narHash": "sha256-VrONoycKv3lOwN/oKet3Pix96aFNgK+PmLevzBgSsgY=",
        "owner": "NorfairKing",
        "repo": "autodocodec",
        "rev": "fdc5171d0f904613b6a8b986a909c7a8ade4d2f1",
        "type": "github"
      },
      "original": {
        "owner": "NorfairKing",
        "ref": "flake",
        "repo": "autodocodec",
        "type": "github"
      }
    },
    "feedback": {
      "inputs": {
        "autodocodec": "autodocodec",
        "nixpkgs": "nixpkgs",
        "pre-commit-hooks": "pre-commit-hooks",
        "safe-coloured-text": "safe-coloured-text",
        "sydtest": "sydtest",
        "validity": "validity"
      },
      "locked": {
        "lastModified": 1669637943,
        "narHash": "sha256-5pZlhsxne9davNuooVGEt5A9WinlgUHTxKYSe6Dqo2E=",
        "owner": "NorfairKing",
        "repo": "feedback",
        "rev": "f8d05f06534abf4656338452c26ae74dd53574f9",
        "type": "github"
      },
      "original": {
        "owner": "NorfairKing",
        "repo": "feedback",
        "type": "github"
      }
    },
    "flake-compat": {
      "flake": false,
      "locked": {
        "lastModified": 1668681692,
        "narHash": "sha256-Ht91NGdewz8IQLtWZ9LCeNXMSXHUss+9COoqu6JLmXU=",
        "owner": "edolstra",
        "repo": "flake-compat",
        "rev": "009399224d5e398d03b22badca40a37ac85412a1",
        "type": "github"
      },
      "original": {
        "owner": "edolstra",
        "repo": "flake-compat",
        "type": "github"
      }
    },
    "flake-utils": {
      "locked": {
        "lastModified": 1667077288,
        "narHash": "sha256-bdC8sFNDpT0HK74u9fUkpbf1MEzVYJ+ka7NXCdgBoaA=",
        "owner": "numtide",
        "repo": "flake-utils",
        "rev": "6ee9ebb6b1ee695d2cacc4faa053a7b9baa76817",
        "type": "github"
      },
      "original": {
        "owner": "numtide",
        "repo": "flake-utils",
        "type": "github"
      }
    },
    "flake-utils_2": {
      "locked": {
        "lastModified": 1644229661,
        "narHash": "sha256-1YdnJAsNy69bpcjuoKdOYQX0YxZBiCYZo4Twxerqv7k=",
        "owner": "numtide",
        "repo": "flake-utils",
        "rev": "3cecb5b042f7f209c56ffd8371b2711a290ec797",
        "type": "github"
      },
      "original": {
        "owner": "numtide",
        "repo": "flake-utils",
        "type": "github"
      }
    },
    "flake-utils_3": {
      "locked": {
        "lastModified": 1667395993,
        "narHash": "sha256-nuEHfE/LcWyuSWnS8t12N1wc105Qtau+/OdUAjtQ0rA=",
        "owner": "numtide",
        "repo": "flake-utils",
        "rev": "5aed5285a952e0b949eb3ba02c12fa4fcfef535f",
        "type": "github"
      },
      "original": {
        "owner": "numtide",
        "repo": "flake-utils",
        "type": "github"
      }
    },
    "gitignore": {
      "inputs": {
        "nixpkgs": [
          "pre-commit-hooks",
          "nixpkgs"
        ]
      },
      "locked": {
        "lastModified": 1660459072,
        "narHash": "sha256-8DFJjXG8zqoONA1vXtgeKXy68KdJL5UaXR8NtVMUbx8=",
        "owner": "hercules-ci",
        "repo": "gitignore.nix",
        "rev": "a20de23b925fd8264fd7fad6454652e142fd7f73",
        "type": "github"
      },
      "original": {
        "owner": "hercules-ci",
        "repo": "gitignore.nix",
        "type": "github"
      }
    },
    "mkdocs-material": {
      "inputs": {
        "nixpkgs": "nixpkgs_3"
      },
      "locked": {
        "lastModified": 1671950284,
        "narHash": "sha256-vB5ZS8dBOk14tIwoYRG6dzrbYtFVbS39VK/Cx0ZrHpg=",
        "owner": "sekunho",
        "repo": "mkdocs-material",
        "rev": "f011bf256dbe54463db3b555edb8209443b03430",
        "type": "github"
      },
      "original": {
        "owner": "sekunho",
        "repo": "mkdocs-material",
        "type": "github"
      }
    },
    "nixpkgs": {
      "locked": {
        "lastModified": 1668281765,
        "narHash": "sha256-6Tuj9CZ9HacMk7FJ8sF9XSVTBnUhVzlSY40Jo1krIaQ=",
        "owner": "NixOS",
        "repo": "nixpkgs",
        "rev": "c5091eec689acc45d4d818109236da31d3685ca2",
        "type": "github"
      },
      "original": {
        "owner": "NixOS",
        "ref": "nixos-22.05",
        "repo": "nixpkgs",
        "type": "github"
      }
    },
    "nixpkgs-stable": {
      "locked": {
        "lastModified": 1671271954,
        "narHash": "sha256-cSvu+bnvN08sOlTBWbBrKaBHQZq8mvk8bgpt0ZJ2Snc=",
        "owner": "NixOS",
        "repo": "nixpkgs",
        "rev": "d513b448cc2a6da2c8803e3c197c9fc7e67b19e3",
        "type": "github"
      },
      "original": {
        "owner": "NixOS",
        "ref": "nixos-22.05",
        "repo": "nixpkgs",
        "type": "github"
      }
    },
    "nixpkgs_2": {
      "locked": {
        "lastModified": 1668266328,
        "narHash": "sha256-+nAW+XR8nswyEnt5IkQlkrz9erTcQWBVLkhtNHxckFw=",
        "owner": "NixOS",
        "repo": "nixpkgs",
        "rev": "5ca8e2e9e1fa5e66a749b39261ad6bd0e07bc87f",
        "type": "github"
      },
      "original": {
        "id": "nixpkgs",
        "type": "indirect"
      }
    },
    "nixpkgs_3": {
      "locked": {
        "lastModified": 1671888073,
        "narHash": "sha256-/oCjvbzr/5X6/Lxet9UzDYiwC53XOTmAnfmWRL3Zo4c=",
        "owner": "NixOS",
        "repo": "nixpkgs",
        "rev": "a5b85eb4aaf2d9b1bd98bd1d7a0b6197c93b39ab",
        "type": "github"
      },
      "original": {
        "owner": "NixOS",
        "repo": "nixpkgs",
        "type": "github"
      }
    },
    "nixpkgs_4": {
      "locked": {
        "lastModified": 1673183066,
        "narHash": "sha256-V/6aurpM+nMi7KRxD0bAxYjyqoHN4YHP59sFGBugnlE=",
        "owner": "NixOS",
        "repo": "nixpkgs",
        "rev": "cc7aad36c954eea2872d028e3c2aec6160d7433c",
        "type": "github"
      },
      "original": {
        "owner": "NixOS",
        "repo": "nixpkgs",
        "type": "github"
      }
    },
    "nixpkgs_5": {
      "locked": {
        "lastModified": 1671271357,
        "narHash": "sha256-xRJdLbWK4v2SewmSStYrcLa0YGJpleufl44A19XSW8k=",
        "owner": "NixOS",
        "repo": "nixpkgs",
        "rev": "40f79f003b6377bd2f4ed4027dde1f8f922995dd",
        "type": "github"
      },
      "original": {
        "owner": "NixOS",
        "ref": "nixos-unstable",
        "repo": "nixpkgs",
        "type": "github"
      }
    },
    "pre-commit-hooks": {
      "inputs": {
        "flake-utils": "flake-utils",
        "nixpkgs": "nixpkgs_2"
      },
      "locked": {
        "lastModified": 1667992213,
        "narHash": "sha256-8Ens8ozllvlaFMCZBxg6S7oUyynYx2v7yleC5M0jJsE=",
        "owner": "cachix",
        "repo": "pre-commit-hooks.nix",
        "rev": "ebcbfe09d2bd6d15f68de3a0ebb1e4dcb5cd324b",
        "type": "github"
      },
      "original": {
        "owner": "cachix",
        "repo": "pre-commit-hooks.nix",
        "type": "github"
      }
    },
    "pre-commit-hooks_2": {
      "inputs": {
        "flake-compat": "flake-compat",
        "flake-utils": "flake-utils_3",
        "gitignore": "gitignore",
        "nixpkgs": "nixpkgs_5",
        "nixpkgs-stable": "nixpkgs-stable"
      },
      "locked": {
        "lastModified": 1672912243,
        "narHash": "sha256-QnQeKUjco2kO9J4rBqIBPp5XcOMblIMnmyhpjeaJBYc=",
        "owner": "cachix",
        "repo": "pre-commit-hooks.nix",
        "rev": "a4548c09eac4afb592ab2614f4a150120b29584c",
        "type": "github"
      },
      "original": {
        "owner": "cachix",
        "repo": "pre-commit-hooks.nix",
        "type": "github"
      }
    },
    "root": {
      "inputs": {
        "feedback": "feedback",
        "flake-utils": "flake-utils_2",
        "mkdocs-material": "mkdocs-material",
        "nixpkgs": "nixpkgs_4",
        "pre-commit-hooks": "pre-commit-hooks_2"
      }
    },
    "safe-coloured-text": {
      "flake": false,
      "locked": {
        "lastModified": 1666332070,
        "narHash": "sha256-Jvx1599QUkgzPhdvSOrxEKKBXF42eYv26EgXwM+RguU=",
        "owner": "NorfairKing",
        "repo": "safe-coloured-text",
        "rev": "df6d65d1afb0140d081b685b411dcfe03ae6f789",
        "type": "github"
      },
      "original": {
        "owner": "NorfairKing",
        "ref": "flake",
        "repo": "safe-coloured-text",
        "type": "github"
      }
    },
    "sydtest": {
      "flake": false,
      "locked": {
        "lastModified": 1666335564,
        "narHash": "sha256-RUAQuAaCCF+bFXWKQV9lx3Caj9pHp7l5NGnMfBaK05I=",
        "owner": "NorfairKing",
        "repo": "sydtest",
        "rev": "56eb625a7603652f475d0cfd4af50b700e9a5d1e",
        "type": "github"
      },
      "original": {
        "owner": "NorfairKing",
        "ref": "flake",
        "repo": "sydtest",
        "type": "github"
      }
    },
    "validity": {
      "flake": false,
      "locked": {
        "lastModified": 1666331942,
        "narHash": "sha256-xKqunzWw3w7OaKSatckNxn7gCKtusjaj9szhgBWQwAc=",
        "owner": "NorfairKing",
        "repo": "validity",
        "rev": "dc24b655564beaa6750e390e37e64f8b0b67e18f",
        "type": "github"
      },
      "original": {
        "owner": "NorfairKing",
        "ref": "flake",
        "repo": "validity",
        "type": "github"
      }
    }
  },
  "root": "root",
  "version": 7
}
