{
  "nodes": {
    "nixpkgs": {
      "locked": {
        "lastModified": 1646523963,
        "narHash": "sha256-ixFwYnaOycrzs0iN9RvyRMEGCkQ9Pj58x6V/qc2khy8=",
        "owner": "NixOS",
        "repo": "nixpkgs",
        "rev": "a173e92ee458878651356b9bcfb1e2b5145f76af",
        "type": "github"
      },
      "original": {
        "owner": "NixOS",
        "repo": "nixpkgs",
        "type": "github"
      }
    },
    "root": {
      "inputs": {
        "nixpkgs": "nixpkgs"
      }
    }
  },
  "root": "root",
  "version": 7
}
